
Microsoft Visual Studio Solution File, Format Version 12.00
# Visual Studio 15
VisualStudioVersion = 15.0.28307.572
MinimumVisualStudioVersion = 10.0.40219.1
Project("{FAE04EC0-301F-11D3-BF4B-00C04F79EFBC}") = "MobileDataCollection.Survey.Android", "MobileDataCollection.Survey\MobileDataCollection.Survey.Android\MobileDataCollection.Survey.Android.csproj", "{F39D7126-AD3D-4DBB-A033-51B6963737C4}"
EndProject
Project("{FAE04EC0-301F-11D3-BF4B-00C04F79EFBC}") = "MobileDataCollection.Survey.iOS", "MobileDataCollection.Survey\MobileDataCollection.Survey.iOS\MobileDataCollection.Survey.iOS.csproj", "{6735C11D-AAC5-4E1E-939B-694D82F4EA99}"
EndProject
Project("{FAE04EC0-301F-11D3-BF4B-00C04F79EFBC}") = "MobileDataCollection.Survey.UWP", "MobileDataCollection.Survey\MobileDataCollection.Survey.UWP\MobileDataCollection.Survey.UWP.csproj", "{2715B75F-4811-420A-AA27-E3DB92FDE8CE}"
EndProject
Project("{FAE04EC0-301F-11D3-BF4B-00C04F79EFBC}") = "MobileDataCollection.Survey", "MobileDataCollection.Survey\MobileDataCollection.Survey\MobileDataCollection.Survey.csproj", "{E312E23F-8F89-4F80-96CC-116CCF4A403E}"
EndProject
Global
	GlobalSection(SolutionConfigurationPlatforms) = preSolution
		Ad-Hoc|Any CPU = Ad-Hoc|Any CPU
		Ad-Hoc|ARM = Ad-Hoc|ARM
		Ad-Hoc|iPhone = Ad-Hoc|iPhone
		Ad-Hoc|iPhoneSimulator = Ad-Hoc|iPhoneSimulator
		Ad-Hoc|x64 = Ad-Hoc|x64
		Ad-Hoc|x86 = Ad-Hoc|x86
		AppStore|Any CPU = AppStore|Any CPU
		AppStore|ARM = AppStore|ARM
		AppStore|iPhone = AppStore|iPhone
		AppStore|iPhoneSimulator = AppStore|iPhoneSimulator
		AppStore|x64 = AppStore|x64
		AppStore|x86 = AppStore|x86
		Debug|Any CPU = Debug|Any CPU
		Debug|ARM = Debug|ARM
		Debug|iPhone = Debug|iPhone
		Debug|iPhoneSimulator = Debug|iPhoneSimulator
		Debug|x64 = Debug|x64
		Debug|x86 = Debug|x86
		Release|Any CPU = Release|Any CPU
		Release|ARM = Release|ARM
		Release|iPhone = Release|iPhone
		Release|iPhoneSimulator = Release|iPhoneSimulator
		Release|x64 = Release|x64
		Release|x86 = Release|x86
	EndGlobalSection
	GlobalSection(ProjectConfigurationPlatforms) = postSolution
		{F39D7126-AD3D-4DBB-A033-51B6963737C4}.Ad-Hoc|Any CPU.ActiveCfg = Release|Any CPU
		{F39D7126-AD3D-4DBB-A033-51B6963737C4}.Ad-Hoc|Any CPU.Build.0 = Release|Any CPU
		{F39D7126-AD3D-4DBB-A033-51B6963737C4}.Ad-Hoc|Any CPU.Deploy.0 = Release|Any CPU
		{F39D7126-AD3D-4DBB-A033-51B6963737C4}.Ad-Hoc|ARM.ActiveCfg = Release|Any CPU
		{F39D7126-AD3D-4DBB-A033-51B6963737C4}.Ad-Hoc|ARM.Build.0 = Release|Any CPU
		{F39D7126-AD3D-4DBB-A033-51B6963737C4}.Ad-Hoc|ARM.Deploy.0 = Release|Any CPU
		{F39D7126-AD3D-4DBB-A033-51B6963737C4}.Ad-Hoc|iPhone.ActiveCfg = Release|Any CPU
		{F39D7126-AD3D-4DBB-A033-51B6963737C4}.Ad-Hoc|iPhone.Build.0 = Release|Any CPU
		{F39D7126-AD3D-4DBB-A033-51B6963737C4}.Ad-Hoc|iPhone.Deploy.0 = Release|Any CPU
		{F39D7126-AD3D-4DBB-A033-51B6963737C4}.Ad-Hoc|iPhoneSimulator.ActiveCfg = Release|Any CPU
		{F39D7126-AD3D-4DBB-A033-51B6963737C4}.Ad-Hoc|iPhoneSimulator.Build.0 = Release|Any CPU
		{F39D7126-AD3D-4DBB-A033-51B6963737C4}.Ad-Hoc|iPhoneSimulator.Deploy.0 = Release|Any CPU
		{F39D7126-AD3D-4DBB-A033-51B6963737C4}.Ad-Hoc|x64.ActiveCfg = Release|Any CPU
		{F39D7126-AD3D-4DBB-A033-51B6963737C4}.Ad-Hoc|x64.Build.0 = Release|Any CPU
		{F39D7126-AD3D-4DBB-A033-51B6963737C4}.Ad-Hoc|x64.Deploy.0 = Release|Any CPU
		{F39D7126-AD3D-4DBB-A033-51B6963737C4}.Ad-Hoc|x86.ActiveCfg = Release|Any CPU
		{F39D7126-AD3D-4DBB-A033-51B6963737C4}.Ad-Hoc|x86.Build.0 = Release|Any CPU
		{F39D7126-AD3D-4DBB-A033-51B6963737C4}.Ad-Hoc|x86.Deploy.0 = Release|Any CPU
		{F39D7126-AD3D-4DBB-A033-51B6963737C4}.AppStore|Any CPU.ActiveCfg = Release|Any CPU
		{F39D7126-AD3D-4DBB-A033-51B6963737C4}.AppStore|Any CPU.Build.0 = Release|Any CPU
		{F39D7126-AD3D-4DBB-A033-51B6963737C4}.AppStore|Any CPU.Deploy.0 = Release|Any CPU
		{F39D7126-AD3D-4DBB-A033-51B6963737C4}.AppStore|ARM.ActiveCfg = Release|Any CPU
		{F39D7126-AD3D-4DBB-A033-51B6963737C4}.AppStore|ARM.Build.0 = Release|Any CPU
		{F39D7126-AD3D-4DBB-A033-51B6963737C4}.AppStore|ARM.Deploy.0 = Release|Any CPU
		{F39D7126-AD3D-4DBB-A033-51B6963737C4}.AppStore|iPhone.ActiveCfg = Release|Any CPU
		{F39D7126-AD3D-4DBB-A033-51B6963737C4}.AppStore|iPhone.Build.0 = Release|Any CPU
		{F39D7126-AD3D-4DBB-A033-51B6963737C4}.AppStore|iPhone.Deploy.0 = Release|Any CPU
		{F39D7126-AD3D-4DBB-A033-51B6963737C4}.AppStore|iPhoneSimulator.ActiveCfg = Release|Any CPU
		{F39D7126-AD3D-4DBB-A033-51B6963737C4}.AppStore|iPhoneSimulator.Build.0 = Release|Any CPU
		{F39D7126-AD3D-4DBB-A033-51B6963737C4}.AppStore|iPhoneSimulator.Deploy.0 = Release|Any CPU
		{F39D7126-AD3D-4DBB-A033-51B6963737C4}.AppStore|x64.ActiveCfg = Release|Any CPU
		{F39D7126-AD3D-4DBB-A033-51B6963737C4}.AppStore|x64.Build.0 = Release|Any CPU
		{F39D7126-AD3D-4DBB-A033-51B6963737C4}.AppStore|x64.Deploy.0 = Release|Any CPU
		{F39D7126-AD3D-4DBB-A033-51B6963737C4}.AppStore|x86.ActiveCfg = Release|Any CPU
		{F39D7126-AD3D-4DBB-A033-51B6963737C4}.AppStore|x86.Build.0 = Release|Any CPU
		{F39D7126-AD3D-4DBB-A033-51B6963737C4}.AppStore|x86.Deploy.0 = Release|Any CPU
		{F39D7126-AD3D-4DBB-A033-51B6963737C4}.Debug|Any CPU.ActiveCfg = Debug|Any CPU
		{F39D7126-AD3D-4DBB-A033-51B6963737C4}.Debug|Any CPU.Build.0 = Debug|Any CPU
		{F39D7126-AD3D-4DBB-A033-51B6963737C4}.Debug|Any CPU.Deploy.0 = Debug|Any CPU
		{F39D7126-AD3D-4DBB-A033-51B6963737C4}.Debug|ARM.ActiveCfg = Debug|Any CPU
		{F39D7126-AD3D-4DBB-A033-51B6963737C4}.Debug|ARM.Build.0 = Debug|Any CPU
		{F39D7126-AD3D-4DBB-A033-51B6963737C4}.Debug|ARM.Deploy.0 = Debug|Any CPU
		{F39D7126-AD3D-4DBB-A033-51B6963737C4}.Debug|iPhone.ActiveCfg = Debug|Any CPU
		{F39D7126-AD3D-4DBB-A033-51B6963737C4}.Debug|iPhone.Build.0 = Debug|Any CPU
		{F39D7126-AD3D-4DBB-A033-51B6963737C4}.Debug|iPhone.Deploy.0 = Debug|Any CPU
		{F39D7126-AD3D-4DBB-A033-51B6963737C4}.Debug|iPhoneSimulator.ActiveCfg = Debug|Any CPU
		{F39D7126-AD3D-4DBB-A033-51B6963737C4}.Debug|iPhoneSimulator.Build.0 = Debug|Any CPU
		{F39D7126-AD3D-4DBB-A033-51B6963737C4}.Debug|iPhoneSimulator.Deploy.0 = Debug|Any CPU
		{F39D7126-AD3D-4DBB-A033-51B6963737C4}.Debug|x64.ActiveCfg = Debug|Any CPU
		{F39D7126-AD3D-4DBB-A033-51B6963737C4}.Debug|x64.Build.0 = Debug|Any CPU
		{F39D7126-AD3D-4DBB-A033-51B6963737C4}.Debug|x64.Deploy.0 = Debug|Any CPU
		{F39D7126-AD3D-4DBB-A033-51B6963737C4}.Debug|x86.ActiveCfg = Debug|Any CPU
		{F39D7126-AD3D-4DBB-A033-51B6963737C4}.Debug|x86.Build.0 = Debug|Any CPU
		{F39D7126-AD3D-4DBB-A033-51B6963737C4}.Debug|x86.Deploy.0 = Debug|Any CPU
		{F39D7126-AD3D-4DBB-A033-51B6963737C4}.Release|Any CPU.ActiveCfg = Release|Any CPU
		{F39D7126-AD3D-4DBB-A033-51B6963737C4}.Release|Any CPU.Build.0 = Release|Any CPU
		{F39D7126-AD3D-4DBB-A033-51B6963737C4}.Release|Any CPU.Deploy.0 = Release|Any CPU
		{F39D7126-AD3D-4DBB-A033-51B6963737C4}.Release|ARM.ActiveCfg = Release|Any CPU
		{F39D7126-AD3D-4DBB-A033-51B6963737C4}.Release|ARM.Build.0 = Release|Any CPU
		{F39D7126-AD3D-4DBB-A033-51B6963737C4}.Release|ARM.Deploy.0 = Release|Any CPU
		{F39D7126-AD3D-4DBB-A033-51B6963737C4}.Release|iPhone.ActiveCfg = Release|Any CPU
		{F39D7126-AD3D-4DBB-A033-51B6963737C4}.Release|iPhone.Build.0 = Release|Any CPU
		{F39D7126-AD3D-4DBB-A033-51B6963737C4}.Release|iPhone.Deploy.0 = Release|Any CPU
		{F39D7126-AD3D-4DBB-A033-51B6963737C4}.Release|iPhoneSimulator.ActiveCfg = Release|Any CPU
		{F39D7126-AD3D-4DBB-A033-51B6963737C4}.Release|iPhoneSimulator.Build.0 = Release|Any CPU
		{F39D7126-AD3D-4DBB-A033-51B6963737C4}.Release|iPhoneSimulator.Deploy.0 = Release|Any CPU
		{F39D7126-AD3D-4DBB-A033-51B6963737C4}.Release|x64.ActiveCfg = Release|Any CPU
		{F39D7126-AD3D-4DBB-A033-51B6963737C4}.Release|x64.Build.0 = Release|Any CPU
		{F39D7126-AD3D-4DBB-A033-51B6963737C4}.Release|x64.Deploy.0 = Release|Any CPU
		{F39D7126-AD3D-4DBB-A033-51B6963737C4}.Release|x86.ActiveCfg = Release|Any CPU
		{F39D7126-AD3D-4DBB-A033-51B6963737C4}.Release|x86.Build.0 = Release|Any CPU
		{F39D7126-AD3D-4DBB-A033-51B6963737C4}.Release|x86.Deploy.0 = Release|Any CPU
		{6735C11D-AAC5-4E1E-939B-694D82F4EA99}.Ad-Hoc|Any CPU.ActiveCfg = Ad-Hoc|iPhone
		{6735C11D-AAC5-4E1E-939B-694D82F4EA99}.Ad-Hoc|Any CPU.Build.0 = Ad-Hoc|iPhone
		{6735C11D-AAC5-4E1E-939B-694D82F4EA99}.Ad-Hoc|Any CPU.Deploy.0 = Ad-Hoc|iPhone
		{6735C11D-AAC5-4E1E-939B-694D82F4EA99}.Ad-Hoc|ARM.ActiveCfg = Ad-Hoc|iPhone
		{6735C11D-AAC5-4E1E-939B-694D82F4EA99}.Ad-Hoc|ARM.Build.0 = Ad-Hoc|iPhone
		{6735C11D-AAC5-4E1E-939B-694D82F4EA99}.Ad-Hoc|ARM.Deploy.0 = Ad-Hoc|iPhone
		{6735C11D-AAC5-4E1E-939B-694D82F4EA99}.Ad-Hoc|iPhone.ActiveCfg = Ad-Hoc|iPhone
		{6735C11D-AAC5-4E1E-939B-694D82F4EA99}.Ad-Hoc|iPhone.Build.0 = Ad-Hoc|iPhone
		{6735C11D-AAC5-4E1E-939B-694D82F4EA99}.Ad-Hoc|iPhone.Deploy.0 = Ad-Hoc|iPhone
		{6735C11D-AAC5-4E1E-939B-694D82F4EA99}.Ad-Hoc|iPhoneSimulator.ActiveCfg = Ad-Hoc|iPhoneSimulator
		{6735C11D-AAC5-4E1E-939B-694D82F4EA99}.Ad-Hoc|iPhoneSimulator.Build.0 = Ad-Hoc|iPhoneSimulator
		{6735C11D-AAC5-4E1E-939B-694D82F4EA99}.Ad-Hoc|iPhoneSimulator.Deploy.0 = Ad-Hoc|iPhoneSimulator
		{6735C11D-AAC5-4E1E-939B-694D82F4EA99}.Ad-Hoc|x64.ActiveCfg = Ad-Hoc|iPhone
		{6735C11D-AAC5-4E1E-939B-694D82F4EA99}.Ad-Hoc|x64.Build.0 = Ad-Hoc|iPhone
		{6735C11D-AAC5-4E1E-939B-694D82F4EA99}.Ad-Hoc|x64.Deploy.0 = Ad-Hoc|iPhone
		{6735C11D-AAC5-4E1E-939B-694D82F4EA99}.Ad-Hoc|x86.ActiveCfg = Ad-Hoc|iPhone
		{6735C11D-AAC5-4E1E-939B-694D82F4EA99}.Ad-Hoc|x86.Build.0 = Ad-Hoc|iPhone
		{6735C11D-AAC5-4E1E-939B-694D82F4EA99}.Ad-Hoc|x86.Deploy.0 = Ad-Hoc|iPhone
		{6735C11D-AAC5-4E1E-939B-694D82F4EA99}.AppStore|Any CPU.ActiveCfg = AppStore|iPhone
		{6735C11D-AAC5-4E1E-939B-694D82F4EA99}.AppStore|Any CPU.Build.0 = AppStore|iPhone
		{6735C11D-AAC5-4E1E-939B-694D82F4EA99}.AppStore|Any CPU.Deploy.0 = AppStore|iPhone
		{6735C11D-AAC5-4E1E-939B-694D82F4EA99}.AppStore|ARM.ActiveCfg = AppStore|iPhone
		{6735C11D-AAC5-4E1E-939B-694D82F4EA99}.AppStore|ARM.Build.0 = AppStore|iPhone
		{6735C11D-AAC5-4E1E-939B-694D82F4EA99}.AppStore|ARM.Deploy.0 = AppStore|iPhone
		{6735C11D-AAC5-4E1E-939B-694D82F4EA99}.AppStore|iPhone.ActiveCfg = AppStore|iPhone
		{6735C11D-AAC5-4E1E-939B-694D82F4EA99}.AppStore|iPhone.Build.0 = AppStore|iPhone
		{6735C11D-AAC5-4E1E-939B-694D82F4EA99}.AppStore|iPhone.Deploy.0 = AppStore|iPhone
		{6735C11D-AAC5-4E1E-939B-694D82F4EA99}.AppStore|iPhoneSimulator.ActiveCfg = AppStore|iPhoneSimulator
		{6735C11D-AAC5-4E1E-939B-694D82F4EA99}.AppStore|iPhoneSimulator.Build.0 = AppStore|iPhoneSimulator
		{6735C11D-AAC5-4E1E-939B-694D82F4EA99}.AppStore|iPhoneSimulator.Deploy.0 = AppStore|iPhoneSimulator
		{6735C11D-AAC5-4E1E-939B-694D82F4EA99}.AppStore|x64.ActiveCfg = AppStore|iPhone
		{6735C11D-AAC5-4E1E-939B-694D82F4EA99}.AppStore|x64.Build.0 = AppStore|iPhone
		{6735C11D-AAC5-4E1E-939B-694D82F4EA99}.AppStore|x64.Deploy.0 = AppStore|iPhone
		{6735C11D-AAC5-4E1E-939B-694D82F4EA99}.AppStore|x86.ActiveCfg = AppStore|iPhone
		{6735C11D-AAC5-4E1E-939B-694D82F4EA99}.AppStore|x86.Build.0 = AppStore|iPhone
		{6735C11D-AAC5-4E1E-939B-694D82F4EA99}.AppStore|x86.Deploy.0 = AppStore|iPhone
		{6735C11D-AAC5-4E1E-939B-694D82F4EA99}.Debug|Any CPU.ActiveCfg = Debug|iPhoneSimulator
		{6735C11D-AAC5-4E1E-939B-694D82F4EA99}.Debug|Any CPU.Build.0 = Debug|iPhoneSimulator
		{6735C11D-AAC5-4E1E-939B-694D82F4EA99}.Debug|Any CPU.Deploy.0 = Debug|iPhoneSimulator
		{6735C11D-AAC5-4E1E-939B-694D82F4EA99}.Debug|ARM.ActiveCfg = Debug|iPhone
		{6735C11D-AAC5-4E1E-939B-694D82F4EA99}.Debug|ARM.Build.0 = Debug|iPhone
		{6735C11D-AAC5-4E1E-939B-694D82F4EA99}.Debug|ARM.Deploy.0 = Debug|iPhone
		{6735C11D-AAC5-4E1E-939B-694D82F4EA99}.Debug|iPhone.ActiveCfg = Debug|iPhone
		{6735C11D-AAC5-4E1E-939B-694D82F4EA99}.Debug|iPhone.Build.0 = Debug|iPhone
		{6735C11D-AAC5-4E1E-939B-694D82F4EA99}.Debug|iPhone.Deploy.0 = Debug|iPhone
		{6735C11D-AAC5-4E1E-939B-694D82F4EA99}.Debug|iPhoneSimulator.ActiveCfg = Debug|iPhoneSimulator
		{6735C11D-AAC5-4E1E-939B-694D82F4EA99}.Debug|iPhoneSimulator.Build.0 = Debug|iPhoneSimulator
		{6735C11D-AAC5-4E1E-939B-694D82F4EA99}.Debug|iPhoneSimulator.Deploy.0 = Debug|iPhoneSimulator
		{6735C11D-AAC5-4E1E-939B-694D82F4EA99}.Debug|x64.ActiveCfg = Debug|iPhone
		{6735C11D-AAC5-4E1E-939B-694D82F4EA99}.Debug|x64.Build.0 = Debug|iPhone
		{6735C11D-AAC5-4E1E-939B-694D82F4EA99}.Debug|x64.Deploy.0 = Debug|iPhone
		{6735C11D-AAC5-4E1E-939B-694D82F4EA99}.Debug|x86.ActiveCfg = Debug|iPhone
		{6735C11D-AAC5-4E1E-939B-694D82F4EA99}.Debug|x86.Build.0 = Debug|iPhone
		{6735C11D-AAC5-4E1E-939B-694D82F4EA99}.Debug|x86.Deploy.0 = Debug|iPhone
		{6735C11D-AAC5-4E1E-939B-694D82F4EA99}.Release|Any CPU.ActiveCfg = Release|iPhone
		{6735C11D-AAC5-4E1E-939B-694D82F4EA99}.Release|Any CPU.Build.0 = Release|iPhone
		{6735C11D-AAC5-4E1E-939B-694D82F4EA99}.Release|Any CPU.Deploy.0 = Release|iPhone
		{6735C11D-AAC5-4E1E-939B-694D82F4EA99}.Release|ARM.ActiveCfg = Release|iPhone
		{6735C11D-AAC5-4E1E-939B-694D82F4EA99}.Release|ARM.Build.0 = Release|iPhone
		{6735C11D-AAC5-4E1E-939B-694D82F4EA99}.Release|ARM.Deploy.0 = Release|iPhone
		{6735C11D-AAC5-4E1E-939B-694D82F4EA99}.Release|iPhone.ActiveCfg = Release|iPhone
		{6735C11D-AAC5-4E1E-939B-694D82F4EA99}.Release|iPhone.Build.0 = Release|iPhone
		{6735C11D-AAC5-4E1E-939B-694D82F4EA99}.Release|iPhone.Deploy.0 = Release|iPhone
		{6735C11D-AAC5-4E1E-939B-694D82F4EA99}.Release|iPhoneSimulator.ActiveCfg = Release|iPhoneSimulator
		{6735C11D-AAC5-4E1E-939B-694D82F4EA99}.Release|iPhoneSimulator.Build.0 = Release|iPhoneSimulator
		{6735C11D-AAC5-4E1E-939B-694D82F4EA99}.Release|iPhoneSimulator.Deploy.0 = Release|iPhoneSimulator
		{6735C11D-AAC5-4E1E-939B-694D82F4EA99}.Release|x64.ActiveCfg = Release|iPhone
		{6735C11D-AAC5-4E1E-939B-694D82F4EA99}.Release|x64.Build.0 = Release|iPhone
		{6735C11D-AAC5-4E1E-939B-694D82F4EA99}.Release|x64.Deploy.0 = Release|iPhone
		{6735C11D-AAC5-4E1E-939B-694D82F4EA99}.Release|x86.ActiveCfg = Release|iPhone
		{6735C11D-AAC5-4E1E-939B-694D82F4EA99}.Release|x86.Build.0 = Release|iPhone
		{6735C11D-AAC5-4E1E-939B-694D82F4EA99}.Release|x86.Deploy.0 = Release|iPhone
		{2715B75F-4811-420A-AA27-E3DB92FDE8CE}.Ad-Hoc|Any CPU.ActiveCfg = Release|x86
		{2715B75F-4811-420A-AA27-E3DB92FDE8CE}.Ad-Hoc|Any CPU.Build.0 = Release|x86
		{2715B75F-4811-420A-AA27-E3DB92FDE8CE}.Ad-Hoc|Any CPU.Deploy.0 = Release|x86
		{2715B75F-4811-420A-AA27-E3DB92FDE8CE}.Ad-Hoc|ARM.ActiveCfg = Release|ARM
		{2715B75F-4811-420A-AA27-E3DB92FDE8CE}.Ad-Hoc|ARM.Build.0 = Release|ARM
		{2715B75F-4811-420A-AA27-E3DB92FDE8CE}.Ad-Hoc|ARM.Deploy.0 = Release|ARM
		{2715B75F-4811-420A-AA27-E3DB92FDE8CE}.Ad-Hoc|iPhone.ActiveCfg = Release|x86
		{2715B75F-4811-420A-AA27-E3DB92FDE8CE}.Ad-Hoc|iPhone.Build.0 = Release|x86
		{2715B75F-4811-420A-AA27-E3DB92FDE8CE}.Ad-Hoc|iPhone.Deploy.0 = Release|x86
		{2715B75F-4811-420A-AA27-E3DB92FDE8CE}.Ad-Hoc|iPhoneSimulator.ActiveCfg = Release|x86
		{2715B75F-4811-420A-AA27-E3DB92FDE8CE}.Ad-Hoc|iPhoneSimulator.Build.0 = Release|x86
		{2715B75F-4811-420A-AA27-E3DB92FDE8CE}.Ad-Hoc|iPhoneSimulator.Deploy.0 = Release|x86
		{2715B75F-4811-420A-AA27-E3DB92FDE8CE}.Ad-Hoc|x64.ActiveCfg = Release|x64
		{2715B75F-4811-420A-AA27-E3DB92FDE8CE}.Ad-Hoc|x64.Build.0 = Release|x64
		{2715B75F-4811-420A-AA27-E3DB92FDE8CE}.Ad-Hoc|x64.Deploy.0 = Release|x64
		{2715B75F-4811-420A-AA27-E3DB92FDE8CE}.Ad-Hoc|x86.ActiveCfg = Release|x86
		{2715B75F-4811-420A-AA27-E3DB92FDE8CE}.Ad-Hoc|x86.Build.0 = Release|x86
		{2715B75F-4811-420A-AA27-E3DB92FDE8CE}.Ad-Hoc|x86.Deploy.0 = Release|x86
		{2715B75F-4811-420A-AA27-E3DB92FDE8CE}.AppStore|Any CPU.ActiveCfg = Release|x86
		{2715B75F-4811-420A-AA27-E3DB92FDE8CE}.AppStore|Any CPU.Build.0 = Release|x86
		{2715B75F-4811-420A-AA27-E3DB92FDE8CE}.AppStore|Any CPU.Deploy.0 = Release|x86
		{2715B75F-4811-420A-AA27-E3DB92FDE8CE}.AppStore|ARM.ActiveCfg = Release|ARM
		{2715B75F-4811-420A-AA27-E3DB92FDE8CE}.AppStore|ARM.Build.0 = Release|ARM
		{2715B75F-4811-420A-AA27-E3DB92FDE8CE}.AppStore|ARM.Deploy.0 = Release|ARM
		{2715B75F-4811-420A-AA27-E3DB92FDE8CE}.AppStore|iPhone.ActiveCfg = Release|x86
		{2715B75F-4811-420A-AA27-E3DB92FDE8CE}.AppStore|iPhone.Build.0 = Release|x86
		{2715B75F-4811-420A-AA27-E3DB92FDE8CE}.AppStore|iPhone.Deploy.0 = Release|x86
		{2715B75F-4811-420A-AA27-E3DB92FDE8CE}.AppStore|iPhoneSimulator.ActiveCfg = Release|x86
		{2715B75F-4811-420A-AA27-E3DB92FDE8CE}.AppStore|iPhoneSimulator.Build.0 = Release|x86
		{2715B75F-4811-420A-AA27-E3DB92FDE8CE}.AppStore|iPhoneSimulator.Deploy.0 = Release|x86
		{2715B75F-4811-420A-AA27-E3DB92FDE8CE}.AppStore|x64.ActiveCfg = Release|x64
		{2715B75F-4811-420A-AA27-E3DB92FDE8CE}.AppStore|x64.Build.0 = Release|x64
		{2715B75F-4811-420A-AA27-E3DB92FDE8CE}.AppStore|x64.Deploy.0 = Release|x64
		{2715B75F-4811-420A-AA27-E3DB92FDE8CE}.AppStore|x86.ActiveCfg = Release|x86
		{2715B75F-4811-420A-AA27-E3DB92FDE8CE}.AppStore|x86.Build.0 = Release|x86
		{2715B75F-4811-420A-AA27-E3DB92FDE8CE}.AppStore|x86.Deploy.0 = Release|x86
		{2715B75F-4811-420A-AA27-E3DB92FDE8CE}.Debug|Any CPU.ActiveCfg = Debug|x86
		{2715B75F-4811-420A-AA27-E3DB92FDE8CE}.Debug|Any CPU.Build.0 = Debug|x86
		{2715B75F-4811-420A-AA27-E3DB92FDE8CE}.Debug|Any CPU.Deploy.0 = Debug|x86
		{2715B75F-4811-420A-AA27-E3DB92FDE8CE}.Debug|ARM.ActiveCfg = Debug|ARM
		{2715B75F-4811-420A-AA27-E3DB92FDE8CE}.Debug|ARM.Build.0 = Debug|ARM
		{2715B75F-4811-420A-AA27-E3DB92FDE8CE}.Debug|ARM.Deploy.0 = Debug|ARM
		{2715B75F-4811-420A-AA27-E3DB92FDE8CE}.Debug|iPhone.ActiveCfg = Debug|x86
		{2715B75F-4811-420A-AA27-E3DB92FDE8CE}.Debug|iPhone.Build.0 = Debug|x86
		{2715B75F-4811-420A-AA27-E3DB92FDE8CE}.Debug|iPhone.Deploy.0 = Debug|x86
		{2715B75F-4811-420A-AA27-E3DB92FDE8CE}.Debug|iPhoneSimulator.ActiveCfg = Debug|x86
		{2715B75F-4811-420A-AA27-E3DB92FDE8CE}.Debug|iPhoneSimulator.Build.0 = Debug|x86
		{2715B75F-4811-420A-AA27-E3DB92FDE8CE}.Debug|iPhoneSimulator.Deploy.0 = Debug|x86
		{2715B75F-4811-420A-AA27-E3DB92FDE8CE}.Debug|x64.ActiveCfg = Debug|x64
		{2715B75F-4811-420A-AA27-E3DB92FDE8CE}.Debug|x64.Build.0 = Debug|x64
		{2715B75F-4811-420A-AA27-E3DB92FDE8CE}.Debug|x64.Deploy.0 = Debug|x64
		{2715B75F-4811-420A-AA27-E3DB92FDE8CE}.Debug|x86.ActiveCfg = Debug|x86
		{2715B75F-4811-420A-AA27-E3DB92FDE8CE}.Debug|x86.Build.0 = Debug|x86
		{2715B75F-4811-420A-AA27-E3DB92FDE8CE}.Debug|x86.Deploy.0 = Debug|x86
		{2715B75F-4811-420A-AA27-E3DB92FDE8CE}.Release|Any CPU.ActiveCfg = Release|x86
		{2715B75F-4811-420A-AA27-E3DB92FDE8CE}.Release|Any CPU.Build.0 = Release|x86
		{2715B75F-4811-420A-AA27-E3DB92FDE8CE}.Release|Any CPU.Deploy.0 = Release|x86
		{2715B75F-4811-420A-AA27-E3DB92FDE8CE}.Release|ARM.ActiveCfg = Release|ARM
		{2715B75F-4811-420A-AA27-E3DB92FDE8CE}.Release|ARM.Build.0 = Release|ARM
		{2715B75F-4811-420A-AA27-E3DB92FDE8CE}.Release|ARM.Deploy.0 = Release|ARM
		{2715B75F-4811-420A-AA27-E3DB92FDE8CE}.Release|iPhone.ActiveCfg = Release|x86
		{2715B75F-4811-420A-AA27-E3DB92FDE8CE}.Release|iPhone.Build.0 = Release|x86
		{2715B75F-4811-420A-AA27-E3DB92FDE8CE}.Release|iPhone.Deploy.0 = Release|x86
		{2715B75F-4811-420A-AA27-E3DB92FDE8CE}.Release|iPhoneSimulator.ActiveCfg = Release|x86
		{2715B75F-4811-420A-AA27-E3DB92FDE8CE}.Release|iPhoneSimulator.Build.0 = Release|x86
		{2715B75F-4811-420A-AA27-E3DB92FDE8CE}.Release|iPhoneSimulator.Deploy.0 = Release|x86
		{2715B75F-4811-420A-AA27-E3DB92FDE8CE}.Release|x64.ActiveCfg = Release|x64
		{2715B75F-4811-420A-AA27-E3DB92FDE8CE}.Release|x64.Build.0 = Release|x64
		{2715B75F-4811-420A-AA27-E3DB92FDE8CE}.Release|x64.Deploy.0 = Release|x64
		{2715B75F-4811-420A-AA27-E3DB92FDE8CE}.Release|x86.ActiveCfg = Release|x86
		{2715B75F-4811-420A-AA27-E3DB92FDE8CE}.Release|x86.Build.0 = Release|x86
		{2715B75F-4811-420A-AA27-E3DB92FDE8CE}.Release|x86.Deploy.0 = Release|x86
		{E312E23F-8F89-4F80-96CC-116CCF4A403E}.Ad-Hoc|Any CPU.ActiveCfg = Debug|Any CPU
		{E312E23F-8F89-4F80-96CC-116CCF4A403E}.Ad-Hoc|Any CPU.Build.0 = Debug|Any CPU
		{E312E23F-8F89-4F80-96CC-116CCF4A403E}.Ad-Hoc|Any CPU.Deploy.0 = Debug|Any CPU
		{E312E23F-8F89-4F80-96CC-116CCF4A403E}.Ad-Hoc|ARM.ActiveCfg = Debug|Any CPU
		{E312E23F-8F89-4F80-96CC-116CCF4A403E}.Ad-Hoc|ARM.Build.0 = Debug|Any CPU
		{E312E23F-8F89-4F80-96CC-116CCF4A403E}.Ad-Hoc|ARM.Deploy.0 = Debug|Any CPU
		{E312E23F-8F89-4F80-96CC-116CCF4A403E}.Ad-Hoc|iPhone.ActiveCfg = Debug|Any CPU
		{E312E23F-8F89-4F80-96CC-116CCF4A403E}.Ad-Hoc|iPhone.Build.0 = Debug|Any CPU
		{E312E23F-8F89-4F80-96CC-116CCF4A403E}.Ad-Hoc|iPhone.Deploy.0 = Debug|Any CPU
		{E312E23F-8F89-4F80-96CC-116CCF4A403E}.Ad-Hoc|iPhoneSimulator.ActiveCfg = Debug|Any CPU
		{E312E23F-8F89-4F80-96CC-116CCF4A403E}.Ad-Hoc|iPhoneSimulator.Build.0 = Debug|Any CPU
		{E312E23F-8F89-4F80-96CC-116CCF4A403E}.Ad-Hoc|iPhoneSimulator.Deploy.0 = Debug|Any CPU
		{E312E23F-8F89-4F80-96CC-116CCF4A403E}.Ad-Hoc|x64.ActiveCfg = Debug|Any CPU
		{E312E23F-8F89-4F80-96CC-116CCF4A403E}.Ad-Hoc|x64.Build.0 = Debug|Any CPU
		{E312E23F-8F89-4F80-96CC-116CCF4A403E}.Ad-Hoc|x64.Deploy.0 = Debug|Any CPU
		{E312E23F-8F89-4F80-96CC-116CCF4A403E}.Ad-Hoc|x86.ActiveCfg = Debug|Any CPU
		{E312E23F-8F89-4F80-96CC-116CCF4A403E}.Ad-Hoc|x86.Build.0 = Debug|Any CPU
		{E312E23F-8F89-4F80-96CC-116CCF4A403E}.Ad-Hoc|x86.Deploy.0 = Debug|Any CPU
		{E312E23F-8F89-4F80-96CC-116CCF4A403E}.AppStore|Any CPU.ActiveCfg = Debug|Any CPU
		{E312E23F-8F89-4F80-96CC-116CCF4A403E}.AppStore|Any CPU.Build.0 = Debug|Any CPU
		{E312E23F-8F89-4F80-96CC-116CCF4A403E}.AppStore|Any CPU.Deploy.0 = Debug|Any CPU
		{E312E23F-8F89-4F80-96CC-116CCF4A403E}.AppStore|ARM.ActiveCfg = Debug|Any CPU
		{E312E23F-8F89-4F80-96CC-116CCF4A403E}.AppStore|ARM.Build.0 = Debug|Any CPU
		{E312E23F-8F89-4F80-96CC-116CCF4A403E}.AppStore|ARM.Deploy.0 = Debug|Any CPU
		{E312E23F-8F89-4F80-96CC-116CCF4A403E}.AppStore|iPhone.ActiveCfg = Debug|Any CPU
		{E312E23F-8F89-4F80-96CC-116CCF4A403E}.AppStore|iPhone.Build.0 = Debug|Any CPU
		{E312E23F-8F89-4F80-96CC-116CCF4A403E}.AppStore|iPhone.Deploy.0 = Debug|Any CPU
		{E312E23F-8F89-4F80-96CC-116CCF4A403E}.AppStore|iPhoneSimulator.ActiveCfg = Debug|Any CPU
		{E312E23F-8F89-4F80-96CC-116CCF4A403E}.AppStore|iPhoneSimulator.Build.0 = Debug|Any CPU
		{E312E23F-8F89-4F80-96CC-116CCF4A403E}.AppStore|iPhoneSimulator.Deploy.0 = Debug|Any CPU
		{E312E23F-8F89-4F80-96CC-116CCF4A403E}.AppStore|x64.ActiveCfg = Debug|Any CPU
		{E312E23F-8F89-4F80-96CC-116CCF4A403E}.AppStore|x64.Build.0 = Debug|Any CPU
		{E312E23F-8F89-4F80-96CC-116CCF4A403E}.AppStore|x64.Deploy.0 = Debug|Any CPU
		{E312E23F-8F89-4F80-96CC-116CCF4A403E}.AppStore|x86.ActiveCfg = Debug|Any CPU
		{E312E23F-8F89-4F80-96CC-116CCF4A403E}.AppStore|x86.Build.0 = Debug|Any CPU
		{E312E23F-8F89-4F80-96CC-116CCF4A403E}.AppStore|x86.Deploy.0 = Debug|Any CPU
		{E312E23F-8F89-4F80-96CC-116CCF4A403E}.Debug|Any CPU.ActiveCfg = Debug|Any CPU
		{E312E23F-8F89-4F80-96CC-116CCF4A403E}.Debug|Any CPU.Build.0 = Debug|Any CPU
		{E312E23F-8F89-4F80-96CC-116CCF4A403E}.Debug|Any CPU.Deploy.0 = Debug|Any CPU
		{E312E23F-8F89-4F80-96CC-116CCF4A403E}.Debug|ARM.ActiveCfg = Debug|Any CPU
		{E312E23F-8F89-4F80-96CC-116CCF4A403E}.Debug|ARM.Build.0 = Debug|Any CPU
		{E312E23F-8F89-4F80-96CC-116CCF4A403E}.Debug|ARM.Deploy.0 = Debug|Any CPU
		{E312E23F-8F89-4F80-96CC-116CCF4A403E}.Debug|iPhone.ActiveCfg = Debug|Any CPU
		{E312E23F-8F89-4F80-96CC-116CCF4A403E}.Debug|iPhone.Build.0 = Debug|Any CPU
		{E312E23F-8F89-4F80-96CC-116CCF4A403E}.Debug|iPhone.Deploy.0 = Debug|Any CPU
		{E312E23F-8F89-4F80-96CC-116CCF4A403E}.Debug|iPhoneSimulator.ActiveCfg = Debug|Any CPU
		{E312E23F-8F89-4F80-96CC-116CCF4A403E}.Debug|iPhoneSimulator.Build.0 = Debug|Any CPU
		{E312E23F-8F89-4F80-96CC-116CCF4A403E}.Debug|iPhoneSimulator.Deploy.0 = Debug|Any CPU
		{E312E23F-8F89-4F80-96CC-116CCF4A403E}.Debug|x64.ActiveCfg = Debug|Any CPU
		{E312E23F-8F89-4F80-96CC-116CCF4A403E}.Debug|x64.Build.0 = Debug|Any CPU
		{E312E23F-8F89-4F80-96CC-116CCF4A403E}.Debug|x64.Deploy.0 = Debug|Any CPU
		{E312E23F-8F89-4F80-96CC-116CCF4A403E}.Debug|x86.ActiveCfg = Debug|Any CPU
		{E312E23F-8F89-4F80-96CC-116CCF4A403E}.Debug|x86.Build.0 = Debug|Any CPU
		{E312E23F-8F89-4F80-96CC-116CCF4A403E}.Debug|x86.Deploy.0 = Debug|Any CPU
		{E312E23F-8F89-4F80-96CC-116CCF4A403E}.Release|Any CPU.ActiveCfg = Release|Any CPU
		{E312E23F-8F89-4F80-96CC-116CCF4A403E}.Release|Any CPU.Build.0 = Release|Any CPU
		{E312E23F-8F89-4F80-96CC-116CCF4A403E}.Release|Any CPU.Deploy.0 = Release|Any CPU
		{E312E23F-8F89-4F80-96CC-116CCF4A403E}.Release|ARM.ActiveCfg = Release|Any CPU
		{E312E23F-8F89-4F80-96CC-116CCF4A403E}.Release|ARM.Build.0 = Release|Any CPU
		{E312E23F-8F89-4F80-96CC-116CCF4A403E}.Release|ARM.Deploy.0 = Release|Any CPU
		{E312E23F-8F89-4F80-96CC-116CCF4A403E}.Release|iPhone.ActiveCfg = Release|Any CPU
		{E312E23F-8F89-4F80-96CC-116CCF4A403E}.Release|iPhone.Build.0 = Release|Any CPU
		{E312E23F-8F89-4F80-96CC-116CCF4A403E}.Release|iPhone.Deploy.0 = Release|Any CPU
		{E312E23F-8F89-4F80-96CC-116CCF4A403E}.Release|iPhoneSimulator.ActiveCfg = Release|Any CPU
		{E312E23F-8F89-4F80-96CC-116CCF4A403E}.Release|iPhoneSimulator.Build.0 = Release|Any CPU
		{E312E23F-8F89-4F80-96CC-116CCF4A403E}.Release|iPhoneSimulator.Deploy.0 = Release|Any CPU
		{E312E23F-8F89-4F80-96CC-116CCF4A403E}.Release|x64.ActiveCfg = Release|Any CPU
		{E312E23F-8F89-4F80-96CC-116CCF4A403E}.Release|x64.Build.0 = Release|Any CPU
		{E312E23F-8F89-4F80-96CC-116CCF4A403E}.Release|x64.Deploy.0 = Release|Any CPU
		{E312E23F-8F89-4F80-96CC-116CCF4A403E}.Release|x86.ActiveCfg = Release|Any CPU
		{E312E23F-8F89-4F80-96CC-116CCF4A403E}.Release|x86.Build.0 = Release|Any CPU
		{E312E23F-8F89-4F80-96CC-116CCF4A403E}.Release|x86.Deploy.0 = Release|Any CPU
	EndGlobalSection
	GlobalSection(SolutionProperties) = preSolution
		HideSolutionNode = FALSE
	EndGlobalSection
	GlobalSection(ExtensibilityGlobals) = postSolution
		SolutionGuid = {416D7608-C10B-4B1B-8223-95C2086E95B4}
	EndGlobalSection
EndGlobal
